// !$*UTF8*$!
{
	archiveVersion = 1;
	classes = {
	};
	objectVersion = 50;
	objects = {

/* Begin PBXBuildFile section */
		D122D9A123E6244600BD932F /* main.cpp in Sources */ = {isa = PBXBuildFile; fileRef = D122D9A023E6244600BD932F /* main.cpp */; };
		D122D9A523E6246A00BD932F /* FileHandler.cc in Sources */ = {isa = PBXBuildFile; fileRef = D122D99723E6061500BD932F /* FileHandler.cc */; };
		D122D9A623E6246A00BD932F /* FileHandler.h in Sources */ = {isa = PBXBuildFile; fileRef = D122D99823E6061500BD932F /* FileHandler.h */; };
		D122D9A723E6246A00BD932F /* catalog in Sources */ = {isa = PBXBuildFile; fileRef = D122D98B23E3ED1A00BD932F /* catalog */; };
		D122D9A823E6246A00BD932F /* Comparison.cc in Sources */ = {isa = PBXBuildFile; fileRef = D122D98923E3ED1A00BD932F /* Comparison.cc */; };
		D122D9A923E6246A00BD932F /* Comparison.h in Sources */ = {isa = PBXBuildFile; fileRef = D122D97B23E3ED1900BD932F /* Comparison.h */; };
		D122D9AA23E6246A00BD932F /* Comparison.o in Sources */ = {isa = PBXBuildFile; fileRef = D122D97423E3ED1900BD932F /* Comparison.o */; };
		D122D9AB23E6246A00BD932F /* ComparisonEngine.cc in Sources */ = {isa = PBXBuildFile; fileRef = D122D98523E3ED1A00BD932F /* ComparisonEngine.cc */; };
		D122D9AC23E6246B00BD932F /* ComparisonEngine.h in Sources */ = {isa = PBXBuildFile; fileRef = D122D97123E3ED1900BD932F /* ComparisonEngine.h */; };
		D122D9AD23E6246B00BD932F /* ComparisonEngine.o in Sources */ = {isa = PBXBuildFile; fileRef = D122D98623E3ED1A00BD932F /* ComparisonEngine.o */; };
		D122D9AE23E6246B00BD932F /* DBFile.cc in Sources */ = {isa = PBXBuildFile; fileRef = D122D99223E3ED1A00BD932F /* DBFile.cc */; };
		D122D9AF23E6246B00BD932F /* DBFile.h in Sources */ = {isa = PBXBuildFile; fileRef = D122D99023E3ED1A00BD932F /* DBFile.h */; };
		D122D9B023E6246B00BD932F /* DBFile.o in Sources */ = {isa = PBXBuildFile; fileRef = D122D98C23E3ED1A00BD932F /* DBFile.o */; };
		D122D9B123E6246B00BD932F /* Defs.h in Sources */ = {isa = PBXBuildFile; fileRef = D122D98423E3ED1A00BD932F /* Defs.h */; };
		D122D9B223E6246B00BD932F /* File.cc in Sources */ = {isa = PBXBuildFile; fileRef = D122D96B23E3ED1900BD932F /* File.cc */; };
		D122D9B323E6246B00BD932F /* File.h in Sources */ = {isa = PBXBuildFile; fileRef = D122D97223E3ED1900BD932F /* File.h */; };
		D122D9B423E6246B00BD932F /* File.o in Sources */ = {isa = PBXBuildFile; fileRef = D122D97D23E3ED1900BD932F /* File.o */; };
		D122D9B523E6246B00BD932F /* gtest.cc in Sources */ = {isa = PBXBuildFile; fileRef = D122D97023E3ED1900BD932F /* gtest.cc */; };
		D122D9B623E6246B00BD932F /* lex.yy.c in Sources */ = {isa = PBXBuildFile; fileRef = D122D96A23E3ED1900BD932F /* lex.yy.c */; };
		D122D9B723E6246B00BD932F /* lex.yy.o in Sources */ = {isa = PBXBuildFile; fileRef = D122D98323E3ED1A00BD932F /* lex.yy.o */; };
		D122D9B823E6246B00BD932F /* Lexer.l in Sources */ = {isa = PBXBuildFile; fileRef = D122D98A23E3ED1A00BD932F /* Lexer.l */; };
		D122D9B923E6246B00BD932F /* main in Sources */ = {isa = PBXBuildFile; fileRef = D122D98223E3ED1A00BD932F /* main */; };
		D122D9BA23E6246B00BD932F /* main.cc in Sources */ = {isa = PBXBuildFile; fileRef = D122D96F23E3ED1900BD932F /* main.cc */; };
		D122D9BB23E6246B00BD932F /* Makefile in Sources */ = {isa = PBXBuildFile; fileRef = D122D98123E3ED1A00BD932F /* Makefile */; };
		D122D9BC23E6246B00BD932F /* output.log in Sources */ = {isa = PBXBuildFile; fileRef = D122D97723E3ED1900BD932F /* output.log */; };
		D122D9BD23E6246B00BD932F /* Parser.y in Sources */ = {isa = PBXBuildFile; fileRef = D122D97323E3ED1900BD932F /* Parser.y */; };
		D122D9BE23E6246B00BD932F /* ParseTree.h in Sources */ = {isa = PBXBuildFile; fileRef = D122D98023E3ED1A00BD932F /* ParseTree.h */; };
		D122D9BF23E6246B00BD932F /* README in Sources */ = {isa = PBXBuildFile; fileRef = D122D98723E3ED1A00BD932F /* README */; };
		D122D9C023E6246B00BD932F /* Record.cc in Sources */ = {isa = PBXBuildFile; fileRef = D122D97F23E3ED1900BD932F /* Record.cc */; };
		D122D9C123E6246B00BD932F /* Record.h in Sources */ = {isa = PBXBuildFile; fileRef = D122D96923E3ED1900BD932F /* Record.h */; };
		D122D9C223E6246B00BD932F /* Record.o in Sources */ = {isa = PBXBuildFile; fileRef = D122D96C23E3ED1900BD932F /* Record.o */; };
		D122D9C323E6246B00BD932F /* Schema.cc in Sources */ = {isa = PBXBuildFile; fileRef = D122D98823E3ED1A00BD932F /* Schema.cc */; };
		D122D9C423E6246B00BD932F /* test.o in Sources */ = {isa = PBXBuildFile; fileRef = D122D99623E3EF7400BD932F /* test.o */; };
		D122D9C523E6246B00BD932F /* test.out in Sources */ = {isa = PBXBuildFile; fileRef = D122D99423E3EF7400BD932F /* test.out */; };
		D122D9C623E6246B00BD932F /* tpch in Sources */ = {isa = PBXBuildFile; fileRef = D122D99523E3EF7400BD932F /* tpch */; };
		D122D9C723E6246B00BD932F /* untitled folder in Sources */ = {isa = PBXBuildFile; fileRef = D122D99323E3EF7400BD932F /* untitled folder */; };
		D122D9C823E6246B00BD932F /* Schema.h in Sources */ = {isa = PBXBuildFile; fileRef = D122D97E23E3ED1900BD932F /* Schema.h */; };
		D122D9C923E6246B00BD932F /* Schema.o in Sources */ = {isa = PBXBuildFile; fileRef = D122D97523E3ED1900BD932F /* Schema.o */; };
		D122D9CA23E6246B00BD932F /* test.cc in Sources */ = {isa = PBXBuildFile; fileRef = D122D97623E3ED1900BD932F /* test.cc */; };
		D122D9CB23E6246B00BD932F /* test.h in Sources */ = {isa = PBXBuildFile; fileRef = D122D96D23E3ED1900BD932F /* test.h */; };
		D122D9CC23E6246B00BD932F /* tpch in Sources */ = {isa = PBXBuildFile; fileRef = D122D97923E3ED1900BD932F /* tpch */; };
		D122D9CD23E6246B00BD932F /* TwoWayList.cc in Sources */ = {isa = PBXBuildFile; fileRef = D122D96E23E3ED1900BD932F /* TwoWayList.cc */; };
		D122D9CE23E6246B00BD932F /* TwoWayList.h in Sources */ = {isa = PBXBuildFile; fileRef = D122D98E23E3ED1A00BD932F /* TwoWayList.h */; };
		D122D9CF23E6246B00BD932F /* untitled folder in Sources */ = {isa = PBXBuildFile; fileRef = D122D98F23E3ED1A00BD932F /* untitled folder */; };
		D122D9D023E6246B00BD932F /* y.tab.c in Sources */ = {isa = PBXBuildFile; fileRef = D122D97A23E3ED1900BD932F /* y.tab.c */; };
		D122D9D123E6246B00BD932F /* y.tab.h in Sources */ = {isa = PBXBuildFile; fileRef = D122D99123E3ED1A00BD932F /* y.tab.h */; };
		D122D9D223E6246B00BD932F /* y.tab.o in Sources */ = {isa = PBXBuildFile; fileRef = D122D97C23E3ED1900BD932F /* y.tab.o */; };
		D196022323E6398900FC7AE5 /* Util.h in Sources */ = {isa = PBXBuildFile; fileRef = D196022223E6398900FC7AE5 /* Util.h */; };
		D196022623E67E9600FC7AE5 /* myGtest.cc in Sources */ = {isa = PBXBuildFile; fileRef = D196022523E67E9600FC7AE5 /* myGtest.cc */; };
		D196022923E75AB900FC7AE5 /* Extra.cpp in Sources */ = {isa = PBXBuildFile; fileRef = D196022723E75AB900FC7AE5 /* Extra.cpp */; };
/* End PBXBuildFile section */

/* Begin PBXCopyFilesBuildPhase section */
		D122D99B23E6244600BD932F /* CopyFiles */ = {
			isa = PBXCopyFilesBuildPhase;
			buildActionMask = 2147483647;
			dstPath = /usr/share/man/man1/;
			dstSubfolderSpec = 0;
			files = (
			);
			runOnlyForDeploymentPostprocessing = 1;
		};
/* End PBXCopyFilesBuildPhase section */

/* Begin PBXFileReference section */
		D122D96923E3ED1900BD932F /* Record.h */ = {isa = PBXFileReference; fileEncoding = 4; lastKnownFileType = sourcecode.c.h; path = Record.h; sourceTree = "<group>"; };
		D122D96A23E3ED1900BD932F /* lex.yy.c */ = {isa = PBXFileReference; fileEncoding = 4; lastKnownFileType = sourcecode.c.c; path = lex.yy.c; sourceTree = "<group>"; };
		D122D96B23E3ED1900BD932F /* File.cc */ = {isa = PBXFileReference; fileEncoding = 4; lastKnownFileType = sourcecode.cpp.cpp; path = File.cc; sourceTree = "<group>"; };
		D122D96C23E3ED1900BD932F /* Record.o */ = {isa = PBXFileReference; lastKnownFileType = "compiled.mach-o.objfile"; path = Record.o; sourceTree = "<group>"; };
		D122D96D23E3ED1900BD932F /* test.h */ = {isa = PBXFileReference; fileEncoding = 4; lastKnownFileType = sourcecode.c.h; path = test.h; sourceTree = "<group>"; };
		D122D96E23E3ED1900BD932F /* TwoWayList.cc */ = {isa = PBXFileReference; fileEncoding = 4; lastKnownFileType = sourcecode.cpp.cpp; path = TwoWayList.cc; sourceTree = "<group>"; };
		D122D96F23E3ED1900BD932F /* main.cc */ = {isa = PBXFileReference; fileEncoding = 4; lastKnownFileType = sourcecode.cpp.cpp; path = main.cc; sourceTree = "<group>"; };
		D122D97023E3ED1900BD932F /* gtest.cc */ = {isa = PBXFileReference; fileEncoding = 4; lastKnownFileType = sourcecode.cpp.cpp; path = gtest.cc; sourceTree = "<group>"; };
		D122D97123E3ED1900BD932F /* ComparisonEngine.h */ = {isa = PBXFileReference; fileEncoding = 4; lastKnownFileType = sourcecode.c.h; path = ComparisonEngine.h; sourceTree = "<group>"; };
		D122D97223E3ED1900BD932F /* File.h */ = {isa = PBXFileReference; fileEncoding = 4; lastKnownFileType = sourcecode.c.h; path = File.h; sourceTree = "<group>"; };
		D122D97323E3ED1900BD932F /* Parser.y */ = {isa = PBXFileReference; fileEncoding = 4; lastKnownFileType = sourcecode.yacc; path = Parser.y; sourceTree = "<group>"; };
		D122D97423E3ED1900BD932F /* Comparison.o */ = {isa = PBXFileReference; lastKnownFileType = "compiled.mach-o.objfile"; path = Comparison.o; sourceTree = "<group>"; };
		D122D97523E3ED1900BD932F /* Schema.o */ = {isa = PBXFileReference; lastKnownFileType = "compiled.mach-o.objfile"; path = Schema.o; sourceTree = "<group>"; };
		D122D97623E3ED1900BD932F /* test.cc */ = {isa = PBXFileReference; fileEncoding = 4; lastKnownFileType = sourcecode.cpp.cpp; path = test.cc; sourceTree = "<group>"; };
		D122D97723E3ED1900BD932F /* output.log */ = {isa = PBXFileReference; fileEncoding = 4; lastKnownFileType = text; path = output.log; sourceTree = "<group>"; };
		D122D97923E3ED1900BD932F /* tpch */ = {isa = PBXFileReference; lastKnownFileType = folder; path = tpch; sourceTree = "<group>"; };
		D122D97A23E3ED1900BD932F /* y.tab.c */ = {isa = PBXFileReference; fileEncoding = 4; lastKnownFileType = sourcecode.c.c; path = y.tab.c; sourceTree = "<group>"; };
		D122D97B23E3ED1900BD932F /* Comparison.h */ = {isa = PBXFileReference; fileEncoding = 4; lastKnownFileType = sourcecode.c.h; path = Comparison.h; sourceTree = "<group>"; };
		D122D97C23E3ED1900BD932F /* y.tab.o */ = {isa = PBXFileReference; lastKnownFileType = "compiled.mach-o.objfile"; path = y.tab.o; sourceTree = "<group>"; };
		D122D97D23E3ED1900BD932F /* File.o */ = {isa = PBXFileReference; lastKnownFileType = "compiled.mach-o.objfile"; path = File.o; sourceTree = "<group>"; };
		D122D97E23E3ED1900BD932F /* Schema.h */ = {isa = PBXFileReference; fileEncoding = 4; lastKnownFileType = sourcecode.c.h; path = Schema.h; sourceTree = "<group>"; };
		D122D97F23E3ED1900BD932F /* Record.cc */ = {isa = PBXFileReference; fileEncoding = 4; lastKnownFileType = sourcecode.cpp.cpp; path = Record.cc; sourceTree = "<group>"; };
		D122D98023E3ED1A00BD932F /* ParseTree.h */ = {isa = PBXFileReference; fileEncoding = 4; lastKnownFileType = sourcecode.c.h; path = ParseTree.h; sourceTree = "<group>"; };
		D122D98123E3ED1A00BD932F /* Makefile */ = {isa = PBXFileReference; fileEncoding = 4; lastKnownFileType = sourcecode.make; path = Makefile; sourceTree = "<group>"; };
		D122D98223E3ED1A00BD932F /* main */ = {isa = PBXFileReference; lastKnownFileType = "compiled.mach-o.executable"; path = main; sourceTree = "<group>"; };
		D122D98323E3ED1A00BD932F /* lex.yy.o */ = {isa = PBXFileReference; lastKnownFileType = "compiled.mach-o.objfile"; path = lex.yy.o; sourceTree = "<group>"; };
		D122D98423E3ED1A00BD932F /* Defs.h */ = {isa = PBXFileReference; fileEncoding = 4; lastKnownFileType = sourcecode.c.h; path = Defs.h; sourceTree = "<group>"; };
		D122D98523E3ED1A00BD932F /* ComparisonEngine.cc */ = {isa = PBXFileReference; fileEncoding = 4; lastKnownFileType = sourcecode.cpp.cpp; path = ComparisonEngine.cc; sourceTree = "<group>"; };
		D122D98623E3ED1A00BD932F /* ComparisonEngine.o */ = {isa = PBXFileReference; lastKnownFileType = "compiled.mach-o.objfile"; path = ComparisonEngine.o; sourceTree = "<group>"; };
		D122D98723E3ED1A00BD932F /* README */ = {isa = PBXFileReference; fileEncoding = 4; lastKnownFileType = text; path = README; sourceTree = "<group>"; };
		D122D98823E3ED1A00BD932F /* Schema.cc */ = {isa = PBXFileReference; fileEncoding = 4; lastKnownFileType = sourcecode.cpp.cpp; path = Schema.cc; sourceTree = "<group>"; };
		D122D98923E3ED1A00BD932F /* Comparison.cc */ = {isa = PBXFileReference; fileEncoding = 4; lastKnownFileType = sourcecode.cpp.cpp; path = Comparison.cc; sourceTree = "<group>"; };
		D122D98A23E3ED1A00BD932F /* Lexer.l */ = {isa = PBXFileReference; fileEncoding = 4; lastKnownFileType = sourcecode.lex; path = Lexer.l; sourceTree = "<group>"; };
		D122D98B23E3ED1A00BD932F /* catalog */ = {isa = PBXFileReference; fileEncoding = 4; lastKnownFileType = text; path = catalog; sourceTree = "<group>"; };
		D122D98C23E3ED1A00BD932F /* DBFile.o */ = {isa = PBXFileReference; lastKnownFileType = "compiled.mach-o.objfile"; path = DBFile.o; sourceTree = "<group>"; };
		D122D98E23E3ED1A00BD932F /* TwoWayList.h */ = {isa = PBXFileReference; fileEncoding = 4; lastKnownFileType = sourcecode.c.h; path = TwoWayList.h; sourceTree = "<group>"; };
		D122D98F23E3ED1A00BD932F /* untitled folder */ = {isa = PBXFileReference; lastKnownFileType = folder; path = "untitled folder"; sourceTree = "<group>"; };
		D122D99023E3ED1A00BD932F /* DBFile.h */ = {isa = PBXFileReference; fileEncoding = 4; lastKnownFileType = sourcecode.c.h; path = DBFile.h; sourceTree = "<group>"; };
		D122D99123E3ED1A00BD932F /* y.tab.h */ = {isa = PBXFileReference; fileEncoding = 4; lastKnownFileType = sourcecode.c.h; path = y.tab.h; sourceTree = "<group>"; };
		D122D99223E3ED1A00BD932F /* DBFile.cc */ = {isa = PBXFileReference; fileEncoding = 4; lastKnownFileType = sourcecode.cpp.cpp; path = DBFile.cc; sourceTree = "<group>"; };
		D122D99323E3EF7400BD932F /* untitled folder */ = {isa = PBXFileReference; lastKnownFileType = folder; path = "untitled folder"; sourceTree = "<group>"; };
		D122D99423E3EF7400BD932F /* test.out */ = {isa = PBXFileReference; lastKnownFileType = "compiled.mach-o.executable"; path = test.out; sourceTree = "<group>"; };
		D122D99523E3EF7400BD932F /* tpch */ = {isa = PBXFileReference; lastKnownFileType = folder; path = tpch; sourceTree = "<group>"; };
		D122D99623E3EF7400BD932F /* test.o */ = {isa = PBXFileReference; lastKnownFileType = "compiled.mach-o.objfile"; path = test.o; sourceTree = "<group>"; };
		D122D99723E6061500BD932F /* FileHandler.cc */ = {isa = PBXFileReference; lastKnownFileType = sourcecode.cpp.cpp; path = FileHandler.cc; sourceTree = "<group>"; };
		D122D99823E6061500BD932F /* FileHandler.h */ = {isa = PBXFileReference; lastKnownFileType = sourcecode.c.h; path = FileHandler.h; sourceTree = "<group>"; };
		D122D99D23E6244600BD932F /* index */ = {isa = PBXFileReference; explicitFileType = "compiled.mach-o.executable"; includeInIndex = 0; path = index; sourceTree = BUILT_PRODUCTS_DIR; };
		D122D9A023E6244600BD932F /* main.cpp */ = {isa = PBXFileReference; lastKnownFileType = sourcecode.cpp.cpp; path = main.cpp; sourceTree = "<group>"; };
		D196022223E6398900FC7AE5 /* Util.h */ = {isa = PBXFileReference; lastKnownFileType = sourcecode.c.h; path = Util.h; sourceTree = "<group>"; };
		D196022423E67D5C00FC7AE5 /* test */ = {isa = PBXFileReference; lastKnownFileType = folder; path = test; sourceTree = "<group>"; };
		D196022523E67E9600FC7AE5 /* myGtest.cc */ = {isa = PBXFileReference; fileEncoding = 4; lastKnownFileType = sourcecode.cpp.cpp; path = myGtest.cc; sourceTree = "<group>"; };
		D196022723E75AB900FC7AE5 /* Extra.cpp */ = {isa = PBXFileReference; lastKnownFileType = sourcecode.cpp.cpp; path = Extra.cpp; sourceTree = "<group>"; };
		D196022823E75AB900FC7AE5 /* Extra.hpp */ = {isa = PBXFileReference; lastKnownFileType = sourcecode.cpp.h; path = Extra.hpp; sourceTree = "<group>"; };
/* End PBXFileReference section */

/* Begin PBXFrameworksBuildPhase section */
		D122D99A23E6244600BD932F /* Frameworks */ = {
			isa = PBXFrameworksBuildPhase;
			buildActionMask = 2147483647;
			files = (
			);
			runOnlyForDeploymentPostprocessing = 0;
		};
/* End PBXFrameworksBuildPhase section */

/* Begin PBXGroup section */
		D122D95E23E3ECE300BD932F = {
			isa = PBXGroup;
			children = (
				D196022723E75AB900FC7AE5 /* Extra.cpp */,
				D196022823E75AB900FC7AE5 /* Extra.hpp */,
				D196022523E67E9600FC7AE5 /* myGtest.cc */,
				D196022423E67D5C00FC7AE5 /* test */,
				D196022223E6398900FC7AE5 /* Util.h */,
				D122D99723E6061500BD932F /* FileHandler.cc */,
				D122D99823E6061500BD932F /* FileHandler.h */,
				D122D98B23E3ED1A00BD932F /* catalog */,
				D122D98923E3ED1A00BD932F /* Comparison.cc */,
				D122D97B23E3ED1900BD932F /* Comparison.h */,
				D122D97423E3ED1900BD932F /* Comparison.o */,
				D122D98523E3ED1A00BD932F /* ComparisonEngine.cc */,
				D122D97123E3ED1900BD932F /* ComparisonEngine.h */,
				D122D98623E3ED1A00BD932F /* ComparisonEngine.o */,
				D122D99223E3ED1A00BD932F /* DBFile.cc */,
				D122D99023E3ED1A00BD932F /* DBFile.h */,
				D122D98C23E3ED1A00BD932F /* DBFile.o */,
				D122D98423E3ED1A00BD932F /* Defs.h */,
				D122D96B23E3ED1900BD932F /* File.cc */,
				D122D97223E3ED1900BD932F /* File.h */,
				D122D97D23E3ED1900BD932F /* File.o */,
				D122D97023E3ED1900BD932F /* gtest.cc */,
				D122D96A23E3ED1900BD932F /* lex.yy.c */,
				D122D98323E3ED1A00BD932F /* lex.yy.o */,
				D122D98A23E3ED1A00BD932F /* Lexer.l */,
				D122D98223E3ED1A00BD932F /* main */,
				D122D96F23E3ED1900BD932F /* main.cc */,
				D122D98123E3ED1A00BD932F /* Makefile */,
				D122D97723E3ED1900BD932F /* output.log */,
				D122D97323E3ED1900BD932F /* Parser.y */,
				D122D98023E3ED1A00BD932F /* ParseTree.h */,
				D122D98723E3ED1A00BD932F /* README */,
				D122D97F23E3ED1900BD932F /* Record.cc */,
				D122D96923E3ED1900BD932F /* Record.h */,
				D122D96C23E3ED1900BD932F /* Record.o */,
				D122D98823E3ED1A00BD932F /* Schema.cc */,
				D122D99623E3EF7400BD932F /* test.o */,
				D122D99423E3EF7400BD932F /* test.out */,
				D122D99523E3EF7400BD932F /* tpch */,
				D122D99323E3EF7400BD932F /* untitled folder */,
				D122D97E23E3ED1900BD932F /* Schema.h */,
				D122D97523E3ED1900BD932F /* Schema.o */,
				D122D97623E3ED1900BD932F /* test.cc */,
				D122D96D23E3ED1900BD932F /* test.h */,
				D122D97923E3ED1900BD932F /* tpch */,
				D122D96E23E3ED1900BD932F /* TwoWayList.cc */,
				D122D98E23E3ED1A00BD932F /* TwoWayList.h */,
				D122D98F23E3ED1A00BD932F /* untitled folder */,
				D122D97A23E3ED1900BD932F /* y.tab.c */,
				D122D99123E3ED1A00BD932F /* y.tab.h */,
				D122D97C23E3ED1900BD932F /* y.tab.o */,
				D122D99F23E6244600BD932F /* index */,
				D122D99E23E6244600BD932F /* Products */,
			);
			sourceTree = "<group>";
		};
		D122D99E23E6244600BD932F /* Products */ = {
			isa = PBXGroup;
			children = (
				D122D99D23E6244600BD932F /* index */,
			);
			name = Products;
			sourceTree = "<group>";
		};
		D122D99F23E6244600BD932F /* index */ = {
			isa = PBXGroup;
			children = (
				D122D9A023E6244600BD932F /* main.cpp */,
			);
			path = index;
			sourceTree = "<group>";
		};
/* End PBXGroup section */

/* Begin PBXLegacyTarget section */
		D122D96323E3ECE300BD932F /* DBI P1 */ = {
			isa = PBXLegacyTarget;
			buildArgumentsString = main;
			buildConfigurationList = D122D96623E3ECE300BD932F /* Build configuration list for PBXLegacyTarget "DBI P1" */;
			buildPhases = (
			);
			buildToolPath = /usr/bin/make;
			buildWorkingDirectory = "/Users/dhananjaysarsonia/Downloads/xcode try /DBI P1";
			dependencies = (
			);
			name = "DBI P1";
			passBuildSettingsInEnvironment = 1;
			productName = "DBI P1";
		};
/* End PBXLegacyTarget section */

/* Begin PBXNativeTarget section */
		D122D99C23E6244600BD932F /* index */ = {
			isa = PBXNativeTarget;
			buildConfigurationList = D122D9A223E6244600BD932F /* Build configuration list for PBXNativeTarget "index" */;
			buildPhases = (
				D122D99923E6244600BD932F /* Sources */,
				D122D99A23E6244600BD932F /* Frameworks */,
				D122D99B23E6244600BD932F /* CopyFiles */,
			);
			buildRules = (
			);
			dependencies = (
			);
			name = index;
			productName = index;
			productReference = D122D99D23E6244600BD932F /* index */;
			productType = "com.apple.product-type.tool";
		};
/* End PBXNativeTarget section */

/* Begin PBXProject section */
		D122D95F23E3ECE300BD932F /* Project object */ = {
			isa = PBXProject;
			attributes = {
				LastUpgradeCheck = 1130;
				ORGANIZATIONNAME = "Dhananjay Sarsonia";
				TargetAttributes = {
					D122D96323E3ECE300BD932F = {
						CreatedOnToolsVersion = 11.3.1;
					};
					D122D99C23E6244600BD932F = {
						CreatedOnToolsVersion = 11.3.1;
					};
				};
			};
			buildConfigurationList = D122D96223E3ECE300BD932F /* Build configuration list for PBXProject "DBI P1" */;
			compatibilityVersion = "Xcode 9.3";
			developmentRegion = en;
			hasScannedForEncodings = 0;
			knownRegions = (
				en,
				Base,
			);
			mainGroup = D122D95E23E3ECE300BD932F;
			productRefGroup = D122D99E23E6244600BD932F /* Products */;
			projectDirPath = "";
			projectRoot = "";
			targets = (
				D122D96323E3ECE300BD932F /* DBI P1 */,
				D122D99C23E6244600BD932F /* index */,
			);
		};
/* End PBXProject section */

/* Begin PBXSourcesBuildPhase section */
		D122D99923E6244600BD932F /* Sources */ = {
			isa = PBXSourcesBuildPhase;
			buildActionMask = 2147483647;
			files = (
				D122D9A523E6246A00BD932F /* FileHandler.cc in Sources */,
				D122D9A623E6246A00BD932F /* FileHandler.h in Sources */,
				D122D9A723E6246A00BD932F /* catalog in Sources */,
				D122D9A823E6246A00BD932F /* Comparison.cc in Sources */,
				D122D9A923E6246A00BD932F /* Comparison.h in Sources */,
				D122D9AA23E6246A00BD932F /* Comparison.o in Sources */,
				D122D9AB23E6246A00BD932F /* ComparisonEngine.cc in Sources */,
				D122D9AC23E6246B00BD932F /* ComparisonEngine.h in Sources */,
				D122D9AD23E6246B00BD932F /* ComparisonEngine.o in Sources */,
				D122D9AE23E6246B00BD932F /* DBFile.cc in Sources */,
				D122D9AF23E6246B00BD932F /* DBFile.h in Sources */,
				D122D9B023E6246B00BD932F /* DBFile.o in Sources */,
				D122D9B123E6246B00BD932F /* Defs.h in Sources */,
				D122D9B223E6246B00BD932F /* File.cc in Sources */,
				D122D9B323E6246B00BD932F /* File.h in Sources */,
				D122D9B423E6246B00BD932F /* File.o in Sources */,
				D122D9B523E6246B00BD932F /* gtest.cc in Sources */,
				D122D9B623E6246B00BD932F /* lex.yy.c in Sources */,
				D122D9B723E6246B00BD932F /* lex.yy.o in Sources */,
				D122D9B823E6246B00BD932F /* Lexer.l in Sources */,
				D122D9B923E6246B00BD932F /* main in Sources */,
				D122D9BA23E6246B00BD932F /* main.cc in Sources */,
				D122D9BB23E6246B00BD932F /* Makefile in Sources */,
				D122D9BC23E6246B00BD932F /* output.log in Sources */,
				D122D9BD23E6246B00BD932F /* Parser.y in Sources */,
				D122D9BE23E6246B00BD932F /* ParseTree.h in Sources */,
				D122D9BF23E6246B00BD932F /* README in Sources */,
				D122D9C023E6246B00BD932F /* Record.cc in Sources */,
				D122D9C123E6246B00BD932F /* Record.h in Sources */,
				D122D9C223E6246B00BD932F /* Record.o in Sources */,
				D122D9C323E6246B00BD932F /* Schema.cc in Sources */,
				D122D9C423E6246B00BD932F /* test.o in Sources */,
				D122D9C523E6246B00BD932F /* test.out in Sources */,
				D122D9C623E6246B00BD932F /* tpch in Sources */,
				D196022923E75AB900FC7AE5 /* Extra.cpp in Sources */,
				D122D9C723E6246B00BD932F /* untitled folder in Sources */,
				D122D9C823E6246B00BD932F /* Schema.h in Sources */,
				D122D9C923E6246B00BD932F /* Schema.o in Sources */,
				D122D9CA23E6246B00BD932F /* test.cc in Sources */,
				D122D9CB23E6246B00BD932F /* test.h in Sources */,
				D196022323E6398900FC7AE5 /* Util.h in Sources */,
				D122D9CC23E6246B00BD932F /* tpch in Sources */,
				D122D9CD23E6246B00BD932F /* TwoWayList.cc in Sources */,
				D196022623E67E9600FC7AE5 /* myGtest.cc in Sources */,
				D122D9CE23E6246B00BD932F /* TwoWayList.h in Sources */,
				D122D9CF23E6246B00BD932F /* untitled folder in Sources */,
				D122D9D023E6246B00BD932F /* y.tab.c in Sources */,
				D122D9D123E6246B00BD932F /* y.tab.h in Sources */,
				D122D9D223E6246B00BD932F /* y.tab.o in Sources */,
				D122D9A123E6244600BD932F /* main.cpp in Sources */,
			);
			runOnlyForDeploymentPostprocessing = 0;
		};
/* End PBXSourcesBuildPhase section */

/* Begin XCBuildConfiguration section */
		D122D96423E3ECE300BD932F /* Debug */ = {
			isa = XCBuildConfiguration;
			buildSettings = {
				ALWAYS_SEARCH_USER_PATHS = NO;
				CLANG_ANALYZER_NONNULL = YES;
				CLANG_ANALYZER_NUMBER_OBJECT_CONVERSION = YES_AGGRESSIVE;
				CLANG_CXX_LANGUAGE_STANDARD = "gnu++14";
				CLANG_CXX_LIBRARY = "libc++";
				CLANG_ENABLE_MODULES = YES;
				CLANG_ENABLE_OBJC_ARC = YES;
				CLANG_ENABLE_OBJC_WEAK = YES;
				CLANG_WARN_BLOCK_CAPTURE_AUTORELEASING = YES;
				CLANG_WARN_BOOL_CONVERSION = YES;
				CLANG_WARN_COMMA = YES;
				CLANG_WARN_CONSTANT_CONVERSION = YES;
				CLANG_WARN_DEPRECATED_OBJC_IMPLEMENTATIONS = YES;
				CLANG_WARN_DIRECT_OBJC_ISA_USAGE = YES_ERROR;
				CLANG_WARN_DOCUMENTATION_COMMENTS = YES;
				CLANG_WARN_EMPTY_BODY = YES;
				CLANG_WARN_ENUM_CONVERSION = YES;
				CLANG_WARN_INFINITE_RECURSION = YES;
				CLANG_WARN_INT_CONVERSION = YES;
				CLANG_WARN_NON_LITERAL_NULL_CONVERSION = YES;
				CLANG_WARN_OBJC_IMPLICIT_RETAIN_SELF = YES;
				CLANG_WARN_OBJC_LITERAL_CONVERSION = YES;
				CLANG_WARN_OBJC_ROOT_CLASS = YES_ERROR;
				CLANG_WARN_RANGE_LOOP_ANALYSIS = YES;
				CLANG_WARN_STRICT_PROTOTYPES = YES;
				CLANG_WARN_SUSPICIOUS_MOVE = YES;
				CLANG_WARN_UNGUARDED_AVAILABILITY = YES_AGGRESSIVE;
				CLANG_WARN_UNREACHABLE_CODE = YES;
				CLANG_WARN__DUPLICATE_METHOD_MATCH = YES;
				COPY_PHASE_STRIP = NO;
				DEBUG_INFORMATION_FORMAT = dwarf;
				ENABLE_STRICT_OBJC_MSGSEND = YES;
				ENABLE_TESTABILITY = YES;
				GCC_C_LANGUAGE_STANDARD = gnu11;
				GCC_DYNAMIC_NO_PIC = NO;
				GCC_NO_COMMON_BLOCKS = YES;
				GCC_OPTIMIZATION_LEVEL = 0;
				GCC_PREPROCESSOR_DEFINITIONS = (
					"DEBUG=1",
					"$(inherited)",
				);
				GCC_WARN_64_TO_32_BIT_CONVERSION = YES;
				GCC_WARN_ABOUT_RETURN_TYPE = YES_ERROR;
				GCC_WARN_UNDECLARED_SELECTOR = YES;
				GCC_WARN_UNINITIALIZED_AUTOS = YES_AGGRESSIVE;
				GCC_WARN_UNUSED_FUNCTION = YES;
				GCC_WARN_UNUSED_VARIABLE = YES;
				MTL_ENABLE_DEBUG_INFO = INCLUDE_SOURCE;
				MTL_FAST_MATH = YES;
				ONLY_ACTIVE_ARCH = YES;
			};
			name = Debug;
		};
		D122D96523E3ECE300BD932F /* Release */ = {
			isa = XCBuildConfiguration;
			buildSettings = {
				ALWAYS_SEARCH_USER_PATHS = NO;
				CLANG_ANALYZER_NONNULL = YES;
				CLANG_ANALYZER_NUMBER_OBJECT_CONVERSION = YES_AGGRESSIVE;
				CLANG_CXX_LANGUAGE_STANDARD = "gnu++14";
				CLANG_CXX_LIBRARY = "libc++";
				CLANG_ENABLE_MODULES = YES;
				CLANG_ENABLE_OBJC_ARC = YES;
				CLANG_ENABLE_OBJC_WEAK = YES;
				CLANG_WARN_BLOCK_CAPTURE_AUTORELEASING = YES;
				CLANG_WARN_BOOL_CONVERSION = YES;
				CLANG_WARN_COMMA = YES;
				CLANG_WARN_CONSTANT_CONVERSION = YES;
				CLANG_WARN_DEPRECATED_OBJC_IMPLEMENTATIONS = YES;
				CLANG_WARN_DIRECT_OBJC_ISA_USAGE = YES_ERROR;
				CLANG_WARN_DOCUMENTATION_COMMENTS = YES;
				CLANG_WARN_EMPTY_BODY = YES;
				CLANG_WARN_ENUM_CONVERSION = YES;
				CLANG_WARN_INFINITE_RECURSION = YES;
				CLANG_WARN_INT_CONVERSION = YES;
				CLANG_WARN_NON_LITERAL_NULL_CONVERSION = YES;
				CLANG_WARN_OBJC_IMPLICIT_RETAIN_SELF = YES;
				CLANG_WARN_OBJC_LITERAL_CONVERSION = YES;
				CLANG_WARN_OBJC_ROOT_CLASS = YES_ERROR;
				CLANG_WARN_RANGE_LOOP_ANALYSIS = YES;
				CLANG_WARN_STRICT_PROTOTYPES = YES;
				CLANG_WARN_SUSPICIOUS_MOVE = YES;
				CLANG_WARN_UNGUARDED_AVAILABILITY = YES_AGGRESSIVE;
				CLANG_WARN_UNREACHABLE_CODE = YES;
				CLANG_WARN__DUPLICATE_METHOD_MATCH = YES;
				COPY_PHASE_STRIP = NO;
				DEBUG_INFORMATION_FORMAT = "dwarf-with-dsym";
				ENABLE_NS_ASSERTIONS = NO;
				ENABLE_STRICT_OBJC_MSGSEND = YES;
				GCC_C_LANGUAGE_STANDARD = gnu11;
				GCC_NO_COMMON_BLOCKS = YES;
				GCC_WARN_64_TO_32_BIT_CONVERSION = YES;
				GCC_WARN_ABOUT_RETURN_TYPE = YES_ERROR;
				GCC_WARN_UNDECLARED_SELECTOR = YES;
				GCC_WARN_UNINITIALIZED_AUTOS = YES_AGGRESSIVE;
				GCC_WARN_UNUSED_FUNCTION = YES;
				GCC_WARN_UNUSED_VARIABLE = YES;
				MTL_ENABLE_DEBUG_INFO = NO;
				MTL_FAST_MATH = YES;
			};
			name = Release;
		};
		D122D96723E3ECE300BD932F /* Debug */ = {
			isa = XCBuildConfiguration;
			buildSettings = {
				CODE_SIGN_STYLE = Automatic;
				DEBUGGING_SYMBOLS = YES;
				DEBUG_INFORMATION_FORMAT = dwarf;
				GCC_GENERATE_DEBUGGING_SYMBOLS = YES;
				GCC_OPTIMIZATION_LEVEL = 0;
				OTHER_CFLAGS = "";
				OTHER_LDFLAGS = "";
				PRODUCT_NAME = "$(TARGET_NAME)";
			};
			name = Debug;
		};
		D122D96823E3ECE300BD932F /* Release */ = {
			isa = XCBuildConfiguration;
			buildSettings = {
				CODE_SIGN_STYLE = Automatic;
				DEBUG_INFORMATION_FORMAT = "dwarf-with-dsym";
				OTHER_CFLAGS = "";
				OTHER_LDFLAGS = "";
				PRODUCT_NAME = "$(TARGET_NAME)";
			};
			name = Release;
		};
		D122D9A323E6244600BD932F /* Debug */ = {
			isa = XCBuildConfiguration;
			buildSettings = {
				CODE_SIGN_STYLE = Automatic;
				MACOSX_DEPLOYMENT_TARGET = 10.15;
				PRODUCT_NAME = "$(TARGET_NAME)";
				SDKROOT = macosx;
			};
			name = Debug;
		};
		D122D9A423E6244600BD932F /* Release */ = {
			isa = XCBuildConfiguration;
			buildSettings = {
				CODE_SIGN_STYLE = Automatic;
				MACOSX_DEPLOYMENT_TARGET = 10.15;
				PRODUCT_NAME = "$(TARGET_NAME)";
				SDKROOT = macosx;
			};
			name = Release;
		};
/* End XCBuildConfiguration section */

/* Begin XCConfigurationList section */
		D122D96223E3ECE300BD932F /* Build configuration list for PBXProject "DBI P1" */ = {
			isa = XCConfigurationList;
			buildConfigurations = (
				D122D96423E3ECE300BD932F /* Debug */,
				D122D96523E3ECE300BD932F /* Release */,
			);
			defaultConfigurationIsVisible = 0;
			defaultConfigurationName = Release;
		};
		D122D96623E3ECE300BD932F /* Build configuration list for PBXLegacyTarget "DBI P1" */ = {
			isa = XCConfigurationList;
			buildConfigurations = (
				D122D96723E3ECE300BD932F /* Debug */,
				D122D96823E3ECE300BD932F /* Release */,
			);
			defaultConfigurationIsVisible = 0;
			defaultConfigurationName = Release;
		};
		D122D9A223E6244600BD932F /* Build configuration list for PBXNativeTarget "index" */ = {
			isa = XCConfigurationList;
			buildConfigurations = (
				D122D9A323E6244600BD932F /* Debug */,
				D122D9A423E6244600BD932F /* Release */,
			);
			defaultConfigurationIsVisible = 0;
			defaultConfigurationName = Release;
		};
/* End XCConfigurationList section */
	};
	rootObject = D122D95F23E3ECE300BD932F /* Project object */;
}
